
Microsoft Visual Studio Solution File, Format Version 12.00
# Visual Studio Version 17
VisualStudioVersion = 17.11.35327.3
MinimumVisualStudioVersion = 10.0.40219.1
Project("{FAE04EC0-301F-11D3-BF4B-00C04F79EFBC}") = "tetris", "tetris.csproj", "{2F0D9BE6-7DA6-4EFC-9E35-2E2E0FA7EBFC}"
EndProject
Global
	GlobalSection(SolutionConfigurationPlatforms) = preSolution
		Debug|Any CPU = Debug|Any CPU
		Release|Any CPU = Release|Any CPU
	EndGlobalSection
	GlobalSection(ProjectConfigurationPlatforms) = postSolution
		{2F0D9BE6-7DA6-4EFC-9E35-2E2E0FA7EBFC}.Debug|Any CPU.ActiveCfg = Debug|Any CPU
		{2F0D9BE6-7DA6-4EFC-9E35-2E2E0FA7EBFC}.Debug|Any CPU.Build.0 = Debug|Any CPU
		{2F0D9BE6-7DA6-4EFC-9E35-2E2E0FA7EBFC}.Release|Any CPU.ActiveCfg = Release|Any CPU
		{2F0D9BE6-7DA6-4EFC-9E35-2E2E0FA7EBFC}.Release|Any CPU.Build.0 = Release|Any CPU
	EndGlobalSection
	GlobalSection(SolutionProperties) = preSolution
		HideSolutionNode = FALSE
	EndGlobalSection
	GlobalSection(ExtensibilityGlobals) = postSolution
		SolutionGuid = {F77F6937-78E1-4F12-83E5-FD6388C5EE51}
	EndGlobalSection
EndGlobal
